
Microsoft Visual Studio Solution File, Format Version 12.00
# Visual Studio Version 16
VisualStudioVersion = 16.0.30320.27
MinimumVisualStudioVersion = 10.0.40219.1
Project("{8BC9CEB8-8B4A-11D0-8D11-00A0C91BC942}") = "Laborator5", "Laborator5\Laborator5.vcxproj", "{27D1F704-B697-4946-8B27-75C73D968EFB}"
EndProject
Global
	GlobalSection(SolutionConfigurationPlatforms) = preSolution
		Debug|x64 = Debug|x64
		Debug|x86 = Debug|x86
		Release|x64 = Release|x64
		Release|x86 = Release|x86
	EndGlobalSection
	GlobalSection(ProjectConfigurationPlatforms) = postSolution
		{27D1F704-B697-4946-8B27-75C73D968EFB}.Debug|x64.ActiveCfg = Debug|x64
		{27D1F704-B697-4946-8B27-75C73D968EFB}.Debug|x64.Build.0 = Debug|x64
		{27D1F704-B697-4946-8B27-75C73D968EFB}.Debug|x86.ActiveCfg = Debug|Win32
		{27D1F704-B697-4946-8B27-75C73D968EFB}.Debug|x86.Build.0 = Debug|Win32
		{27D1F704-B697-4946-8B27-75C73D968EFB}.Release|x64.ActiveCfg = Release|x64
		{27D1F704-B697-4946-8B27-75C73D968EFB}.Release|x64.Build.0 = Release|x64
		{27D1F704-B697-4946-8B27-75C73D968EFB}.Release|x86.ActiveCfg = Release|Win32
		{27D1F704-B697-4946-8B27-75C73D968EFB}.Release|x86.Build.0 = Release|Win32
	EndGlobalSection
	GlobalSection(SolutionProperties) = preSolution
		HideSolutionNode = FALSE
	EndGlobalSection
	GlobalSection(ExtensibilityGlobals) = postSolution
		SolutionGuid = {8EAF8EFD-123C-4FB8-8750-1C273CE56FD0}
	EndGlobalSection
EndGlobal
